
Microsoft Visual Studio Solution File, Format Version 12.00
# Visual Studio 15
VisualStudioVersion = 15.0.26124.0
MinimumVisualStudioVersion = 15.0.26124.0
Project("{FAE04EC0-301F-11D3-BF4B-00C04F79EFBC}") = "RoslynToTypescript", "RoslynToTypescript\RoslynToTypescript.csproj", "{87756EEB-05D3-491E-8A5C-0BC84765C4D3}"
EndProject
Project("{FAE04EC0-301F-11D3-BF4B-00C04F79EFBC}") = "RoslynToTypescript.Tests", "RoslynToTypescript.Tests\RoslynToTypescript.Tests.csproj", "{3E983B37-DDC4-45A3-B4D5-93A0383E9A5D}"
EndProject
Global
	GlobalSection(SolutionConfigurationPlatforms) = preSolution
		Debug|Any CPU = Debug|Any CPU
		Debug|x64 = Debug|x64
		Debug|x86 = Debug|x86
		Release|Any CPU = Release|Any CPU
		Release|x64 = Release|x64
		Release|x86 = Release|x86
	EndGlobalSection
	GlobalSection(SolutionProperties) = preSolution
		HideSolutionNode = FALSE
	EndGlobalSection
	GlobalSection(ProjectConfigurationPlatforms) = postSolution
		{87756EEB-05D3-491E-8A5C-0BC84765C4D3}.Debug|Any CPU.ActiveCfg = Debug|Any CPU
		{87756EEB-05D3-491E-8A5C-0BC84765C4D3}.Debug|Any CPU.Build.0 = Debug|Any CPU
		{87756EEB-05D3-491E-8A5C-0BC84765C4D3}.Debug|x64.ActiveCfg = Debug|Any CPU
		{87756EEB-05D3-491E-8A5C-0BC84765C4D3}.Debug|x64.Build.0 = Debug|Any CPU
		{87756EEB-05D3-491E-8A5C-0BC84765C4D3}.Debug|x86.ActiveCfg = Debug|Any CPU
		{87756EEB-05D3-491E-8A5C-0BC84765C4D3}.Debug|x86.Build.0 = Debug|Any CPU
		{87756EEB-05D3-491E-8A5C-0BC84765C4D3}.Release|Any CPU.ActiveCfg = Release|Any CPU
		{87756EEB-05D3-491E-8A5C-0BC84765C4D3}.Release|Any CPU.Build.0 = Release|Any CPU
		{87756EEB-05D3-491E-8A5C-0BC84765C4D3}.Release|x64.ActiveCfg = Release|Any CPU
		{87756EEB-05D3-491E-8A5C-0BC84765C4D3}.Release|x64.Build.0 = Release|Any CPU
		{87756EEB-05D3-491E-8A5C-0BC84765C4D3}.Release|x86.ActiveCfg = Release|Any CPU
		{87756EEB-05D3-491E-8A5C-0BC84765C4D3}.Release|x86.Build.0 = Release|Any CPU
		{3E983B37-DDC4-45A3-B4D5-93A0383E9A5D}.Debug|Any CPU.ActiveCfg = Debug|Any CPU
		{3E983B37-DDC4-45A3-B4D5-93A0383E9A5D}.Debug|Any CPU.Build.0 = Debug|Any CPU
		{3E983B37-DDC4-45A3-B4D5-93A0383E9A5D}.Debug|x64.ActiveCfg = Debug|Any CPU
		{3E983B37-DDC4-45A3-B4D5-93A0383E9A5D}.Debug|x64.Build.0 = Debug|Any CPU
		{3E983B37-DDC4-45A3-B4D5-93A0383E9A5D}.Debug|x86.ActiveCfg = Debug|Any CPU
		{3E983B37-DDC4-45A3-B4D5-93A0383E9A5D}.Debug|x86.Build.0 = Debug|Any CPU
		{3E983B37-DDC4-45A3-B4D5-93A0383E9A5D}.Release|Any CPU.ActiveCfg = Release|Any CPU
		{3E983B37-DDC4-45A3-B4D5-93A0383E9A5D}.Release|Any CPU.Build.0 = Release|Any CPU
		{3E983B37-DDC4-45A3-B4D5-93A0383E9A5D}.Release|x64.ActiveCfg = Release|Any CPU
		{3E983B37-DDC4-45A3-B4D5-93A0383E9A5D}.Release|x64.Build.0 = Release|Any CPU
		{3E983B37-DDC4-45A3-B4D5-93A0383E9A5D}.Release|x86.ActiveCfg = Release|Any CPU
		{3E983B37-DDC4-45A3-B4D5-93A0383E9A5D}.Release|x86.Build.0 = Release|Any CPU
	EndGlobalSection
EndGlobal
